
Microsoft Visual Studio Solution File, Format Version 12.00
# Visual Studio 15
VisualStudioVersion = 15.0.28307.136
MinimumVisualStudioVersion = 10.0.40219.1
Project("{FAE04EC0-301F-11D3-BF4B-00C04F79EFBC}") = "Custom Control Collection", "Custom Control Collection\Custom Control Collection.csproj", "{A0ECE02E-31D0-4E8B-A355-BFE61DF97CAE}"
EndProject
Project("{FAE04EC0-301F-11D3-BF4B-00C04F79EFBC}") = "Sample", "Sample\Sample.csproj", "{604BE4EB-9669-46EC-87BC-D745660F0A88}"
EndProject
Global
	GlobalSection(SolutionConfigurationPlatforms) = preSolution
		Debug|Any CPU = Debug|Any CPU
		Release|Any CPU = Release|Any CPU
	EndGlobalSection
	GlobalSection(ProjectConfigurationPlatforms) = postSolution
		{A0ECE02E-31D0-4E8B-A355-BFE61DF97CAE}.Debug|Any CPU.ActiveCfg = Debug|Any CPU
		{A0ECE02E-31D0-4E8B-A355-BFE61DF97CAE}.Debug|Any CPU.Build.0 = Debug|Any CPU
		{A0ECE02E-31D0-4E8B-A355-BFE61DF97CAE}.Release|Any CPU.ActiveCfg = Release|Any CPU
		{A0ECE02E-31D0-4E8B-A355-BFE61DF97CAE}.Release|Any CPU.Build.0 = Release|Any CPU
		{604BE4EB-9669-46EC-87BC-D745660F0A88}.Debug|Any CPU.ActiveCfg = Debug|Any CPU
		{604BE4EB-9669-46EC-87BC-D745660F0A88}.Debug|Any CPU.Build.0 = Debug|Any CPU
		{604BE4EB-9669-46EC-87BC-D745660F0A88}.Release|Any CPU.ActiveCfg = Release|Any CPU
		{604BE4EB-9669-46EC-87BC-D745660F0A88}.Release|Any CPU.Build.0 = Release|Any CPU
	EndGlobalSection
	GlobalSection(SolutionProperties) = preSolution
		HideSolutionNode = FALSE
	EndGlobalSection
	GlobalSection(ExtensibilityGlobals) = postSolution
		SolutionGuid = {D74EF40A-08AA-47C0-9701-75AF34991368}
	EndGlobalSection
EndGlobal
